
Microsoft Visual Studio Solution File, Format Version 12.00
# Visual Studio Version 16
VisualStudioVersion = 16.0.33214.272
MinimumVisualStudioVersion = 10.0.40219.1
Project("{FAE04EC0-301F-11D3-BF4B-00C04F79EFBC}") = "Mission2assignment", "Mission2assignment.csproj", "{05E84C60-A451-4B11-B821-86BCC3CAAF60}"
EndProject
Global
	GlobalSection(SolutionConfigurationPlatforms) = preSolution
		Debug|Any CPU = Debug|Any CPU
		Release|Any CPU = Release|Any CPU
	EndGlobalSection
	GlobalSection(ProjectConfigurationPlatforms) = postSolution
		{05E84C60-A451-4B11-B821-86BCC3CAAF60}.Debug|Any CPU.ActiveCfg = Debug|Any CPU
		{05E84C60-A451-4B11-B821-86BCC3CAAF60}.Debug|Any CPU.Build.0 = Debug|Any CPU
		{05E84C60-A451-4B11-B821-86BCC3CAAF60}.Release|Any CPU.ActiveCfg = Release|Any CPU
		{05E84C60-A451-4B11-B821-86BCC3CAAF60}.Release|Any CPU.Build.0 = Release|Any CPU
	EndGlobalSection
	GlobalSection(SolutionProperties) = preSolution
		HideSolutionNode = FALSE
	EndGlobalSection
	GlobalSection(ExtensibilityGlobals) = postSolution
		SolutionGuid = {4DFD9F16-628B-471D-AECD-C9C1E3BE0CDF}
	EndGlobalSection
EndGlobal
